
Microsoft Visual Studio Solution File, Format Version 12.00
# Visual Studio Version 16
VisualStudioVersion = 16.0.30104.148
MinimumVisualStudioVersion = 10.0.40219.1
Project("{9A19103F-16F7-4668-BE54-9A1E7A4F7556}") = "ConsoleApp1", "ConsoleApp1.csproj", "{230E8469-CE31-417C-908F-498EB76D6686}"
EndProject
Project("{888888A0-9F3D-457C-B088-3A5042F75D52}") = "PythonApplication3", "..\PythonApplication3\PythonApplication3.pyproj", "{2CA07963-0A73-4D5B-8183-6262F9248250}"
EndProject
Global
	GlobalSection(SolutionConfigurationPlatforms) = preSolution
		Debug|Any CPU = Debug|Any CPU
		Release|Any CPU = Release|Any CPU
	EndGlobalSection
	GlobalSection(ProjectConfigurationPlatforms) = postSolution
		{230E8469-CE31-417C-908F-498EB76D6686}.Debug|Any CPU.ActiveCfg = Debug|Any CPU
		{230E8469-CE31-417C-908F-498EB76D6686}.Debug|Any CPU.Build.0 = Debug|Any CPU
		{230E8469-CE31-417C-908F-498EB76D6686}.Release|Any CPU.ActiveCfg = Release|Any CPU
		{230E8469-CE31-417C-908F-498EB76D6686}.Release|Any CPU.Build.0 = Release|Any CPU
		{2CA07963-0A73-4D5B-8183-6262F9248250}.Debug|Any CPU.ActiveCfg = Debug|Any CPU
		{2CA07963-0A73-4D5B-8183-6262F9248250}.Release|Any CPU.ActiveCfg = Release|Any CPU
	EndGlobalSection
	GlobalSection(SolutionProperties) = preSolution
		HideSolutionNode = FALSE
	EndGlobalSection
	GlobalSection(ExtensibilityGlobals) = postSolution
		SolutionGuid = {208909F7-130D-4783-8DF2-D63625C03256}
	EndGlobalSection
EndGlobal
